
Microsoft Visual Studio Solution File, Format Version 12.00
# Visual Studio 15
VisualStudioVersion = 15.0.27004.2009
MinimumVisualStudioVersion = 10.0.40219.1
Project("{FAE04EC0-301F-11D3-BF4B-00C04F79EFBC}") = "ChronoBot", "ChronoBot\ChronoBot.csproj", "{D6875581-4A42-4295-AF10-CD794352EE16}"
EndProject
Global
	GlobalSection(SolutionConfigurationPlatforms) = preSolution
		Debug|Any CPU = Debug|Any CPU
		Release|Any CPU = Release|Any CPU
	EndGlobalSection
	GlobalSection(ProjectConfigurationPlatforms) = postSolution
		{D6875581-4A42-4295-AF10-CD794352EE16}.Debug|Any CPU.ActiveCfg = Debug|Any CPU
		{D6875581-4A42-4295-AF10-CD794352EE16}.Debug|Any CPU.Build.0 = Debug|Any CPU
		{D6875581-4A42-4295-AF10-CD794352EE16}.Release|Any CPU.ActiveCfg = Release|Any CPU
		{D6875581-4A42-4295-AF10-CD794352EE16}.Release|Any CPU.Build.0 = Release|Any CPU
	EndGlobalSection
	GlobalSection(SolutionProperties) = preSolution
		HideSolutionNode = FALSE
	EndGlobalSection
	GlobalSection(ExtensibilityGlobals) = postSolution
		SolutionGuid = {D13E5871-BAF5-4334-B807-00B94CF8A30F}
	EndGlobalSection
EndGlobal
